
Microsoft Visual Studio Solution File, Format Version 12.00
# Visual Studio Version 17
VisualStudioVersion = 17.4.33213.308
MinimumVisualStudioVersion = 10.0.40219.1
Project("{FAE04EC0-301F-11D3-BF4B-00C04F79EFBC}") = "DemoConsoleAppForTesting", "DemoConsoleAppForTesting\DemoConsoleAppForTesting.csproj", "{795591A7-4743-41A4-AA87-14B9CA4AC3D6}"
EndProject
Project("{FAE04EC0-301F-11D3-BF4B-00C04F79EFBC}") = "DemoTest", "DemoTest\DemoTest.csproj", "{24780FC5-6844-4B7C-8000-2B6B4F315D58}"
EndProject
Global
	GlobalSection(SolutionConfigurationPlatforms) = preSolution
		Debug|Any CPU = Debug|Any CPU
		Release|Any CPU = Release|Any CPU
	EndGlobalSection
	GlobalSection(ProjectConfigurationPlatforms) = postSolution
		{795591A7-4743-41A4-AA87-14B9CA4AC3D6}.Debug|Any CPU.ActiveCfg = Debug|Any CPU
		{795591A7-4743-41A4-AA87-14B9CA4AC3D6}.Debug|Any CPU.Build.0 = Debug|Any CPU
		{795591A7-4743-41A4-AA87-14B9CA4AC3D6}.Release|Any CPU.ActiveCfg = Release|Any CPU
		{795591A7-4743-41A4-AA87-14B9CA4AC3D6}.Release|Any CPU.Build.0 = Release|Any CPU
		{24780FC5-6844-4B7C-8000-2B6B4F315D58}.Debug|Any CPU.ActiveCfg = Debug|Any CPU
		{24780FC5-6844-4B7C-8000-2B6B4F315D58}.Debug|Any CPU.Build.0 = Debug|Any CPU
		{24780FC5-6844-4B7C-8000-2B6B4F315D58}.Release|Any CPU.ActiveCfg = Release|Any CPU
		{24780FC5-6844-4B7C-8000-2B6B4F315D58}.Release|Any CPU.Build.0 = Release|Any CPU
	EndGlobalSection
	GlobalSection(SolutionProperties) = preSolution
		HideSolutionNode = FALSE
	EndGlobalSection
	GlobalSection(ExtensibilityGlobals) = postSolution
		SolutionGuid = {095DFC61-0F81-4570-80EA-72ADEEBFB2A5}
	EndGlobalSection
EndGlobal
